
Microsoft Visual Studio Solution File, Format Version 12.00
# Visual Studio Version 17
VisualStudioVersion = 17.8.0
MinimumVisualStudioVersion = 10.0.40219.1
Project("{9A19103F-16F7-4668-BE54-9A1E7A4F7556}") = "MetarParser", "src\MetarParser\MetarParser.csproj", "{A1B2C3D4-E5F6-7890-ABCD-EF1234567890}"
EndProject
Project("{9A19103F-16F7-4668-BE54-9A1E7A4F7556}") = "GribParser", "src\GribParser\GribParser.csproj", "{04A5B6C7-D8E9-0123-CDEF-012345678904}"
EndProject
Project("{9A19103F-16F7-4668-BE54-9A1E7A4F7556}") = "MetarParser.Data", "src\MetarParser.Data\MetarParser.Data.csproj", "{D4E5F6A7-B8C9-0123-DEF0-123456789012}"
EndProject
Project("{9A19103F-16F7-4668-BE54-9A1E7A4F7556}") = "WxServices.Logging", "src\WxServices.Logging\WxServices.Logging.csproj", "{E5F6A7B8-C9D0-1234-EF01-234567890123}"
EndProject
Project("{9A19103F-16F7-4668-BE54-9A1E7A4F7556}") = "WxServices.Common", "src\WxServices.Common\WxServices.Common.csproj", "{03A4B5C6-D7E8-9012-BCDE-F01234567893}"
EndProject
Project("{9A19103F-16F7-4668-BE54-9A1E7A4F7556}") = "MetarParser.Tests", "tests\MetarParser.Tests\MetarParser.Tests.csproj", "{C3D4E5F6-A7B8-9012-CDEF-012345678902}"
EndProject
Project("{9A19103F-16F7-4668-BE54-9A1E7A4F7556}") = "TafParser", "src\TafParser\TafParser.csproj", "{F6A7B8C9-D0E1-2345-F012-345678901234}"
EndProject
Project("{9A19103F-16F7-4668-BE54-9A1E7A4F7556}") = "TafParser.Tests", "tests\TafParser.Tests\TafParser.Tests.csproj", "{A7B8C9D0-E1F2-3456-0123-456789012345}"
EndProject
Project("{9A19103F-16F7-4668-BE54-9A1E7A4F7556}") = "WxParser.Svc", "src\WxParser.Svc\WxParser.Svc.csproj", "{B8C9D0E1-F2A3-4567-1234-567890123456}"
EndProject
Project("{9A19103F-16F7-4668-BE54-9A1E7A4F7556}") = "WxInterp", "src\WxInterp\WxInterp.csproj", "{C9D0E1F2-A3B4-5678-2345-678901234567}"
EndProject
Project("{9A19103F-16F7-4668-BE54-9A1E7A4F7556}") = "WxReport.Svc", "src\WxReport.Svc\WxReport.Svc.csproj", "{D0E1F2A3-B4C5-6789-3456-789012345678}"
EndProject
Project("{9A19103F-16F7-4668-BE54-9A1E7A4F7556}") = "WxInterp.Tests", "tests\WxInterp.Tests\WxInterp.Tests.csproj", "{E1F2A3B4-C5D6-7890-4567-890123456789}"
EndProject
Project("{9A19103F-16F7-4668-BE54-9A1E7A4F7556}") = "WxMonitor.Svc", "src\WxMonitor.Svc\WxMonitor.Svc.csproj", "{F1A2B3C4-D5E6-7890-ABCD-EF1234567891}"
EndProject
Project("{9A19103F-16F7-4668-BE54-9A1E7A4F7556}") = "WxMonitor.Tests", "tests\WxMonitor.Tests\WxMonitor.Tests.csproj", "{02A3B4C5-D6E7-8901-ABCD-EF1234567892}"
EndProject
Project("{888888A0-9F3D-457C-B088-3A5042F75D52}") = "WxVis", "src\WxVis\WxVis.pyproj", "{A3B4C5D6-E7F8-9012-ABCD-EF1234567893}"
EndProject
Project("{9A19103F-16F7-4668-BE54-9A1E7A4F7556}") = "WxAnnounce", "src\WxAnnounce\WxAnnounce.csproj", "{A4B5C6D7-E8F9-0123-BCDE-F01234567894}"
EndProject
Project("{9A19103F-16F7-4668-BE54-9A1E7A4F7556}") = "WxVis.Svc", "src\WxVis.Svc\WxVis.Svc.csproj", "{B5C6D7E8-F9A0-1234-CDEF-012345678905}"
EndProject
Project("{9A19103F-16F7-4668-BE54-9A1E7A4F7556}") = "WxViewer", "src\WxViewer\WxViewer.csproj", "{C6D7E8F9-A0B1-2345-DEF0-123456789006}"
EndProject
Project("{9A19103F-16F7-4668-BE54-9A1E7A4F7556}") = "WxAddRecipient", "src\WxAddRecipient\WxAddRecipient.csproj", "{D7E8F9A0-B1C2-3456-EF01-234567890117}"
EndProject
Project("{9A19103F-16F7-4668-BE54-9A1E7A4F7556}") = "WxManager", "src\WxManager\WxManager.csproj", "{E8F9A0B1-C2D3-4567-F012-345678901228}"
EndProject
Global
	GlobalSection(SolutionConfigurationPlatforms) = preSolution
		Debug|Any CPU = Debug|Any CPU
		Release|Any CPU = Release|Any CPU
	EndGlobalSection
	GlobalSection(ProjectConfigurationPlatforms) = postSolution
		{A1B2C3D4-E5F6-7890-ABCD-EF1234567890}.Debug|Any CPU.ActiveCfg = Debug|Any CPU
		{A1B2C3D4-E5F6-7890-ABCD-EF1234567890}.Debug|Any CPU.Build.0 = Debug|Any CPU
		{04A5B6C7-D8E9-0123-CDEF-012345678904}.Debug|Any CPU.ActiveCfg = Debug|Any CPU
		{04A5B6C7-D8E9-0123-CDEF-012345678904}.Debug|Any CPU.Build.0 = Debug|Any CPU
		{04A5B6C7-D8E9-0123-CDEF-012345678904}.Release|Any CPU.ActiveCfg = Release|Any CPU
		{04A5B6C7-D8E9-0123-CDEF-012345678904}.Release|Any CPU.Build.0 = Release|Any CPU
		{A1B2C3D4-E5F6-7890-ABCD-EF1234567890}.Release|Any CPU.ActiveCfg = Release|Any CPU
		{A1B2C3D4-E5F6-7890-ABCD-EF1234567890}.Release|Any CPU.Build.0 = Release|Any CPU
		{C3D4E5F6-A7B8-9012-CDEF-012345678902}.Debug|Any CPU.ActiveCfg = Debug|Any CPU
		{C3D4E5F6-A7B8-9012-CDEF-012345678902}.Debug|Any CPU.Build.0 = Debug|Any CPU
		{D4E5F6A7-B8C9-0123-DEF0-123456789012}.Debug|Any CPU.ActiveCfg = Debug|Any CPU
		{D4E5F6A7-B8C9-0123-DEF0-123456789012}.Debug|Any CPU.Build.0 = Debug|Any CPU
		{D4E5F6A7-B8C9-0123-DEF0-123456789012}.Release|Any CPU.ActiveCfg = Release|Any CPU
		{D4E5F6A7-B8C9-0123-DEF0-123456789012}.Release|Any CPU.Build.0 = Release|Any CPU
		{E5F6A7B8-C9D0-1234-EF01-234567890123}.Debug|Any CPU.ActiveCfg = Debug|Any CPU
		{E5F6A7B8-C9D0-1234-EF01-234567890123}.Debug|Any CPU.Build.0 = Debug|Any CPU
		{E5F6A7B8-C9D0-1234-EF01-234567890123}.Release|Any CPU.ActiveCfg = Release|Any CPU
		{E5F6A7B8-C9D0-1234-EF01-234567890123}.Release|Any CPU.Build.0 = Release|Any CPU
		{03A4B5C6-D7E8-9012-BCDE-F01234567893}.Debug|Any CPU.ActiveCfg = Debug|Any CPU
		{03A4B5C6-D7E8-9012-BCDE-F01234567893}.Debug|Any CPU.Build.0 = Debug|Any CPU
		{03A4B5C6-D7E8-9012-BCDE-F01234567893}.Release|Any CPU.ActiveCfg = Release|Any CPU
		{03A4B5C6-D7E8-9012-BCDE-F01234567893}.Release|Any CPU.Build.0 = Release|Any CPU
		{C3D4E5F6-A7B8-9012-CDEF-012345678902}.Release|Any CPU.ActiveCfg = Release|Any CPU
		{C3D4E5F6-A7B8-9012-CDEF-012345678902}.Release|Any CPU.Build.0 = Release|Any CPU
		{F6A7B8C9-D0E1-2345-F012-345678901234}.Debug|Any CPU.ActiveCfg = Debug|Any CPU
		{F6A7B8C9-D0E1-2345-F012-345678901234}.Debug|Any CPU.Build.0 = Debug|Any CPU
		{F6A7B8C9-D0E1-2345-F012-345678901234}.Release|Any CPU.ActiveCfg = Release|Any CPU
		{F6A7B8C9-D0E1-2345-F012-345678901234}.Release|Any CPU.Build.0 = Release|Any CPU
		{A7B8C9D0-E1F2-3456-0123-456789012345}.Debug|Any CPU.ActiveCfg = Debug|Any CPU
		{A7B8C9D0-E1F2-3456-0123-456789012345}.Debug|Any CPU.Build.0 = Debug|Any CPU
		{A7B8C9D0-E1F2-3456-0123-456789012345}.Release|Any CPU.ActiveCfg = Release|Any CPU
		{A7B8C9D0-E1F2-3456-0123-456789012345}.Release|Any CPU.Build.0 = Release|Any CPU
		{B8C9D0E1-F2A3-4567-1234-567890123456}.Debug|Any CPU.ActiveCfg = Debug|Any CPU
		{B8C9D0E1-F2A3-4567-1234-567890123456}.Debug|Any CPU.Build.0 = Debug|Any CPU
		{B8C9D0E1-F2A3-4567-1234-567890123456}.Release|Any CPU.ActiveCfg = Release|Any CPU
		{B8C9D0E1-F2A3-4567-1234-567890123456}.Release|Any CPU.Build.0 = Release|Any CPU
		{C9D0E1F2-A3B4-5678-2345-678901234567}.Debug|Any CPU.ActiveCfg = Debug|Any CPU
		{C9D0E1F2-A3B4-5678-2345-678901234567}.Debug|Any CPU.Build.0 = Debug|Any CPU
		{C9D0E1F2-A3B4-5678-2345-678901234567}.Release|Any CPU.ActiveCfg = Release|Any CPU
		{C9D0E1F2-A3B4-5678-2345-678901234567}.Release|Any CPU.Build.0 = Release|Any CPU
		{D0E1F2A3-B4C5-6789-3456-789012345678}.Debug|Any CPU.ActiveCfg = Debug|Any CPU
		{D0E1F2A3-B4C5-6789-3456-789012345678}.Debug|Any CPU.Build.0 = Debug|Any CPU
		{D0E1F2A3-B4C5-6789-3456-789012345678}.Release|Any CPU.ActiveCfg = Release|Any CPU
		{D0E1F2A3-B4C5-6789-3456-789012345678}.Release|Any CPU.Build.0 = Release|Any CPU
		{E1F2A3B4-C5D6-7890-4567-890123456789}.Debug|Any CPU.ActiveCfg = Debug|Any CPU
		{E1F2A3B4-C5D6-7890-4567-890123456789}.Debug|Any CPU.Build.0 = Debug|Any CPU
		{E1F2A3B4-C5D6-7890-4567-890123456789}.Release|Any CPU.ActiveCfg = Release|Any CPU
		{E1F2A3B4-C5D6-7890-4567-890123456789}.Release|Any CPU.Build.0 = Release|Any CPU
		{F1A2B3C4-D5E6-7890-ABCD-EF1234567891}.Debug|Any CPU.ActiveCfg = Debug|Any CPU
		{F1A2B3C4-D5E6-7890-ABCD-EF1234567891}.Debug|Any CPU.Build.0 = Debug|Any CPU
		{F1A2B3C4-D5E6-7890-ABCD-EF1234567891}.Release|Any CPU.ActiveCfg = Release|Any CPU
		{F1A2B3C4-D5E6-7890-ABCD-EF1234567891}.Release|Any CPU.Build.0 = Release|Any CPU
		{02A3B4C5-D6E7-8901-ABCD-EF1234567892}.Debug|Any CPU.ActiveCfg = Debug|Any CPU
		{02A3B4C5-D6E7-8901-ABCD-EF1234567892}.Debug|Any CPU.Build.0 = Debug|Any CPU
		{02A3B4C5-D6E7-8901-ABCD-EF1234567892}.Release|Any CPU.ActiveCfg = Release|Any CPU
		{02A3B4C5-D6E7-8901-ABCD-EF1234567892}.Release|Any CPU.Build.0 = Release|Any CPU
		{A3B4C5D6-E7F8-9012-ABCD-EF1234567893}.Debug|Any CPU.ActiveCfg = Debug|Any CPU
		{A3B4C5D6-E7F8-9012-ABCD-EF1234567893}.Release|Any CPU.ActiveCfg = Release|Any CPU
		{A4B5C6D7-E8F9-0123-BCDE-F01234567894}.Debug|Any CPU.ActiveCfg = Debug|Any CPU
		{A4B5C6D7-E8F9-0123-BCDE-F01234567894}.Debug|Any CPU.Build.0 = Debug|Any CPU
		{A4B5C6D7-E8F9-0123-BCDE-F01234567894}.Release|Any CPU.ActiveCfg = Release|Any CPU
		{A4B5C6D7-E8F9-0123-BCDE-F01234567894}.Release|Any CPU.Build.0 = Release|Any CPU
		{B5C6D7E8-F9A0-1234-CDEF-012345678905}.Debug|Any CPU.ActiveCfg = Debug|Any CPU
		{B5C6D7E8-F9A0-1234-CDEF-012345678905}.Debug|Any CPU.Build.0 = Debug|Any CPU
		{B5C6D7E8-F9A0-1234-CDEF-012345678905}.Release|Any CPU.ActiveCfg = Release|Any CPU
		{B5C6D7E8-F9A0-1234-CDEF-012345678905}.Release|Any CPU.Build.0 = Release|Any CPU
		{C6D7E8F9-A0B1-2345-DEF0-123456789006}.Debug|Any CPU.ActiveCfg = Debug|Any CPU
		{C6D7E8F9-A0B1-2345-DEF0-123456789006}.Debug|Any CPU.Build.0 = Debug|Any CPU
		{C6D7E8F9-A0B1-2345-DEF0-123456789006}.Release|Any CPU.ActiveCfg = Release|Any CPU
		{C6D7E8F9-A0B1-2345-DEF0-123456789006}.Release|Any CPU.Build.0 = Release|Any CPU
		{D7E8F9A0-B1C2-3456-EF01-234567890117}.Debug|Any CPU.ActiveCfg = Debug|Any CPU
		{D7E8F9A0-B1C2-3456-EF01-234567890117}.Debug|Any CPU.Build.0 = Debug|Any CPU
		{D7E8F9A0-B1C2-3456-EF01-234567890117}.Release|Any CPU.ActiveCfg = Release|Any CPU
		{D7E8F9A0-B1C2-3456-EF01-234567890117}.Release|Any CPU.Build.0 = Release|Any CPU
		{E8F9A0B1-C2D3-4567-F012-345678901228}.Debug|Any CPU.ActiveCfg = Debug|Any CPU
		{E8F9A0B1-C2D3-4567-F012-345678901228}.Debug|Any CPU.Build.0 = Debug|Any CPU
		{E8F9A0B1-C2D3-4567-F012-345678901228}.Release|Any CPU.ActiveCfg = Release|Any CPU
		{E8F9A0B1-C2D3-4567-F012-345678901228}.Release|Any CPU.Build.0 = Release|Any CPU
	EndGlobalSection
	GlobalSection(SolutionProperties) = preSolution
		HideSolutionNode = FALSE
	EndGlobalSection
EndGlobal
